// !$*UTF8*$!
{
	// Project version and objects
	archiveVersion = 1;
	objects = { ... };
	rootObject = 97C146E61CF9000F007C117D /* Project object */;
}


// PBXBuildFile section
// Represents the build files for the project.
1498D2341E8E89220040F4C2 /* GeneratedPluginRegistrant.m in Sources */ = {isa = PBXBuildFile; ...};
...

// PBXContainerItemProxy section
// Represents a reference to a container item proxy.
331C8085294A63A400263BE5 /* PBXContainerItemProxy */ = { ... };

// PBXCopyFilesBuildPhase section
// Represents a build phase for copying files.
9705A1C41CF9048500538489 /* Embed Frameworks */ = { ... };

// PBXFileReference section
// Represents a file reference within the project.
1498D2321E8E86230040F4C2 /* GeneratedPluginRegistrant.h */ = {isa = PBXFileReference; ...};
...

// PBXFrameworksBuildPhase section
// Represents a build phase for frameworks.
97C146EB1CF9000F007C117D /* Frameworks */ = { ... };

// PBXGroup section
// Represents a group of files or folders within the project.
9740EEB11CF90186004384FC /* Flutter */ = { ... };
...

// PBXNativeTarget section
// Represents a native target within the project.
331C8080294A63A400263BE5 /* RunnerTests */ = { ... };
97C146ED1CF9000F007C117D /* Runner */ = { ... };

// PBXProject section
// Represents the project object.
97C146E61CF9000F007C117D /* Project object */ = { ... };

// PBXResourcesBuildPhase section
// Represents a build phase for resources.
331C807F294A63A400263BE5 /* Resources */ = { ... };
97C146EC1CF9000F007C117D /* Resources */ = { ... };

// PBXShellScriptBuildPhase section
// Represents a build phase for running shell scripts.
3B06AD1E1E4923F5004D2608 /* Thin Binary */ = { ... };
9740EEB61CF901F6004384FC /* Run Script */ = { ... };

// PBXSourcesBuildPhase section
// Represents a build phase for source files.
331C807D294A63A400263BE5 /* Sources */ = { ... };
97C146EA1CF9000F007C117D /* Sources */ = { ... };

// PBXTargetDependency section
// Represents a target dependency.
331C8086294A63A400263BE5 /* PBXTargetDependency */ = { ... };

// PBXVariantGroup section
// Represents a variant group of files.
97C146FA1CF9000F007C117D /* Main.storyboard */ = { ... };
...

// XCBuildConfiguration section
// Represents build configurations for the project.
249021D3217E4FDB00AE95B9 /* Profile */ = { ... };
...

// XCConfigurationList section
// Represents a configuration list for the project.
331C8087294A63A400263BE5 /* Build configuration list for PBXNativeTarget "RunnerTests" */ = { ... };
...
